// !$*UTF8*$!
{
	archiveVersion = 1;
	classes = {
	};
	objectVersion = 50;
	objects = {

/* Begin PBXBuildFile section */
		2905C27923410BCA007C8266 /* ListObject.swift in Sources */ = {isa = PBXBuildFile; fileRef = 2905C27823410BCA007C8266 /* ListObject.swift */; };
		2905C27B23410C7B007C8266 /* ItemDetailView.swift in Sources */ = {isa = PBXBuildFile; fileRef = 2905C27A23410C7B007C8266 /* ItemDetailView.swift */; };
		2905C27D23410CDA007C8266 /* ListItemView.swift in Sources */ = {isa = PBXBuildFile; fileRef = 2905C27C23410CDA007C8266 /* ListItemView.swift */; };
		2905C27F23410D07007C8266 /* AddingItemView.swift in Sources */ = {isa = PBXBuildFile; fileRef = 2905C27E23410D07007C8266 /* AddingItemView.swift */; };
		2905C2812341118C007C8266 /* AddSectionView.swift in Sources */ = {isa = PBXBuildFile; fileRef = 2905C2802341118C007C8266 /* AddSectionView.swift */; };
		2905C28323411C02007C8266 /* EditSectionView.swift in Sources */ = {isa = PBXBuildFile; fileRef = 2905C28223411C02007C8266 /* EditSectionView.swift */; };
		29BC25CE233FE609001A1D67 /* AppDelegate.swift in Sources */ = {isa = PBXBuildFile; fileRef = 29BC25CD233FE609001A1D67 /* AppDelegate.swift */; };
		29BC25D0233FE609001A1D67 /* SceneDelegate.swift in Sources */ = {isa = PBXBuildFile; fileRef = 29BC25CF233FE609001A1D67 /* SceneDelegate.swift */; };
		29BC25D2233FE609001A1D67 /* ContentView.swift in Sources */ = {isa = PBXBuildFile; fileRef = 29BC25D1233FE609001A1D67 /* ContentView.swift */; };
		29BC25D4233FE60A001A1D67 /* Assets.xcassets in Resources */ = {isa = PBXBuildFile; fileRef = 29BC25D3233FE60A001A1D67 /* Assets.xcassets */; };
		29BC25D7233FE60A001A1D67 /* Preview Assets.xcassets in Resources */ = {isa = PBXBuildFile; fileRef = 29BC25D6233FE60A001A1D67 /* Preview Assets.xcassets */; };
		29BC25DA233FE60A001A1D67 /* LaunchScreen.storyboard in Resources */ = {isa = PBXBuildFile; fileRef = 29BC25D8233FE60A001A1D67 /* LaunchScreen.storyboard */; };
/* End PBXBuildFile section */

/* Begin PBXFileReference section */
		2905C27823410BCA007C8266 /* ListObject.swift */ = {isa = PBXFileReference; lastKnownFileType = sourcecode.swift; path = ListObject.swift; sourceTree = "<group>"; };
		2905C27A23410C7B007C8266 /* ItemDetailView.swift */ = {isa = PBXFileReference; lastKnownFileType = sourcecode.swift; path = ItemDetailView.swift; sourceTree = "<group>"; };
		2905C27C23410CDA007C8266 /* ListItemView.swift */ = {isa = PBXFileReference; lastKnownFileType = sourcecode.swift; path = ListItemView.swift; sourceTree = "<group>"; };
		2905C27E23410D07007C8266 /* AddingItemView.swift */ = {isa = PBXFileReference; lastKnownFileType = sourcecode.swift; path = AddingItemView.swift; sourceTree = "<group>"; };
		2905C2802341118C007C8266 /* AddSectionView.swift */ = {isa = PBXFileReference; lastKnownFileType = sourcecode.swift; path = AddSectionView.swift; sourceTree = "<group>"; };
		2905C28223411C02007C8266 /* EditSectionView.swift */ = {isa = PBXFileReference; lastKnownFileType = sourcecode.swift; path = EditSectionView.swift; sourceTree = "<group>"; };
		29BC25CA233FE609001A1D67 /* List.app */ = {isa = PBXFileReference; explicitFileType = wrapper.application; includeInIndex = 0; path = List.app; sourceTree = BUILT_PRODUCTS_DIR; };
		29BC25CD233FE609001A1D67 /* AppDelegate.swift */ = {isa = PBXFileReference; lastKnownFileType = sourcecode.swift; path = AppDelegate.swift; sourceTree = "<group>"; };
		29BC25CF233FE609001A1D67 /* SceneDelegate.swift */ = {isa = PBXFileReference; lastKnownFileType = sourcecode.swift; path = SceneDelegate.swift; sourceTree = "<group>"; };
		29BC25D1233FE609001A1D67 /* ContentView.swift */ = {isa = PBXFileReference; lastKnownFileType = sourcecode.swift; path = ContentView.swift; sourceTree = "<group>"; };
		29BC25D3233FE60A001A1D67 /* Assets.xcassets */ = {isa = PBXFileReference; lastKnownFileType = folder.assetcatalog; path = Assets.xcassets; sourceTree = "<group>"; };
		29BC25D6233FE60A001A1D67 /* Preview Assets.xcassets */ = {isa = PBXFileReference; lastKnownFileType = folder.assetcatalog; path = "Preview Assets.xcassets"; sourceTree = "<group>"; };
		29BC25D9233FE60A001A1D67 /* Base */ = {isa = PBXFileReference; lastKnownFileType = file.storyboard; name = Base; path = Base.lproj/LaunchScreen.storyboard; sourceTree = "<group>"; };
		29BC25DB233FE60A001A1D67 /* Info.plist */ = {isa = PBXFileReference; lastKnownFileType = text.plist.xml; path = Info.plist; sourceTree = "<group>"; };
/* End PBXFileReference section */

/* Begin PBXFrameworksBuildPhase section */
		29BC25C7233FE609001A1D67 /* Frameworks */ = {
			isa = PBXFrameworksBuildPhase;
			buildActionMask = 2147483647;
			files = (
			);
			runOnlyForDeploymentPostprocessing = 0;
		};
/* End PBXFrameworksBuildPhase section */

/* Begin PBXGroup section */
		29BC25C1233FE609001A1D67 = {
			isa = PBXGroup;
			children = (
				29BC25CC233FE609001A1D67 /* List */,
				29BC25CB233FE609001A1D67 /* Products */,
			);
			sourceTree = "<group>";
		};
		29BC25CB233FE609001A1D67 /* Products */ = {
			isa = PBXGroup;
			children = (
				29BC25CA233FE609001A1D67 /* List.app */,
			);
			name = Products;
			sourceTree = "<group>";
		};
		29BC25CC233FE609001A1D67 /* List */ = {
			isa = PBXGroup;
			children = (
				29BC25CD233FE609001A1D67 /* AppDelegate.swift */,
				29BC25CF233FE609001A1D67 /* SceneDelegate.swift */,
				29BC25D1233FE609001A1D67 /* ContentView.swift */,
				29BC25D3233FE60A001A1D67 /* Assets.xcassets */,
				29BC25D8233FE60A001A1D67 /* LaunchScreen.storyboard */,
				29BC25DB233FE60A001A1D67 /* Info.plist */,
				29BC25D5233FE60A001A1D67 /* Preview Content */,
				2905C27823410BCA007C8266 /* ListObject.swift */,
				2905C27A23410C7B007C8266 /* ItemDetailView.swift */,
				2905C27E23410D07007C8266 /* AddingItemView.swift */,
				2905C28223411C02007C8266 /* EditSectionView.swift */,
				2905C2802341118C007C8266 /* AddSectionView.swift */,
				2905C27C23410CDA007C8266 /* ListItemView.swift */,
			);
			path = List;
			sourceTree = "<group>";
		};
		29BC25D5233FE60A001A1D67 /* Preview Content */ = {
			isa = PBXGroup;
			children = (
				29BC25D6233FE60A001A1D67 /* Preview Assets.xcassets */,
			);
			path = "Preview Content";
			sourceTree = "<group>";
		};
/* End PBXGroup section */

/* Begin PBXNativeTarget section */
		29BC25C9233FE609001A1D67 /* List */ = {
			isa = PBXNativeTarget;
			buildConfigurationList = 29BC25DE233FE60A001A1D67 /* Build configuration list for PBXNativeTarget "List" */;
			buildPhases = (
				29BC25C6233FE609001A1D67 /* Sources */,
				29BC25C7233FE609001A1D67 /* Frameworks */,
				29BC25C8233FE609001A1D67 /* Resources */,
			);
			buildRules = (
			);
			dependencies = (
			);
			name = List;
			productName = List;
			productReference = 29BC25CA233FE609001A1D67 /* List.app */;
			productType = "com.apple.product-type.application";
		};
/* End PBXNativeTarget section */

/* Begin PBXProject section */
		29BC25C2233FE609001A1D67 /* Project object */ = {
			isa = PBXProject;
			attributes = {
				LastSwiftUpdateCheck = 1110;
				LastUpgradeCheck = 1110;
				ORGANIZATIONNAME = oneleif;
				TargetAttributes = {
					29BC25C9233FE609001A1D67 = {
						CreatedOnToolsVersion = 11.1;
					};
				};
			};
			buildConfigurationList = 29BC25C5233FE609001A1D67 /* Build configuration list for PBXProject "List" */;
			compatibilityVersion = "Xcode 9.3";
			developmentRegion = en;
			hasScannedForEncodings = 0;
			knownRegions = (
				en,
				Base,
			);
			mainGroup = 29BC25C1233FE609001A1D67;
			productRefGroup = 29BC25CB233FE609001A1D67 /* Products */;
			projectDirPath = "";
			projectRoot = "";
			targets = (
				29BC25C9233FE609001A1D67 /* List */,
			);
		};
/* End PBXProject section */

/* Begin PBXResourcesBuildPhase section */
		29BC25C8233FE609001A1D67 /* Resources */ = {
			isa = PBXResourcesBuildPhase;
			buildActionMask = 2147483647;
			files = (
				29BC25DA233FE60A001A1D67 /* LaunchScreen.storyboard in Resources */,
				29BC25D7233FE60A001A1D67 /* Preview Assets.xcassets in Resources */,
				29BC25D4233FE60A001A1D67 /* Assets.xcassets in Resources */,
			);
			runOnlyForDeploymentPostprocessing = 0;
		};
/* End PBXResourcesBuildPhase section */

/* Begin PBXSourcesBuildPhase section */
		29BC25C6233FE609001A1D67 /* Sources */ = {
			isa = PBXSourcesBuildPhase;
			buildActionMask = 2147483647;
			files = (
				2905C2812341118C007C8266 /* AddSectionView.swift in Sources */,
				2905C27B23410C7B007C8266 /* ItemDetailView.swift in Sources */,
				2905C28323411C02007C8266 /* EditSectionView.swift in Sources */,
				29BC25CE233FE609001A1D67 /* AppDelegate.swift in Sources */,
				29BC25D0233FE609001A1D67 /* SceneDelegate.swift in Sources */,
				2905C27D23410CDA007C8266 /* ListItemView.swift in Sources */,
				2905C27F23410D07007C8266 /* AddingItemView.swift in Sources */,
				2905C27923410BCA007C8266 /* ListObject.swift in Sources */,
				29BC25D2233FE609001A1D67 /* ContentView.swift in Sources */,
			);
			runOnlyForDeploymentPostprocessing = 0;
		};
/* End PBXSourcesBuildPhase section */

/* Begin PBXVariantGroup section */
		29BC25D8233FE60A001A1D67 /* LaunchScreen.storyboard */ = {
			isa = PBXVariantGroup;
			children = (
				29BC25D9233FE60A001A1D67 /* Base */,
			);
			name = LaunchScreen.storyboard;
			sourceTree = "<group>";
		};
/* End PBXVariantGroup section */

/* Begin XCBuildConfiguration section */
		29BC25DC233FE60A001A1D67 /* Debug */ = {
			isa = XCBuildConfiguration;
			buildSettings = {
				ALWAYS_SEARCH_USER_PATHS = NO;
				CLANG_ANALYZER_NONNULL = YES;
				CLANG_ANALYZER_NUMBER_OBJECT_CONVERSION = YES_AGGRESSIVE;
				CLANG_CXX_LANGUAGE_STANDARD = "gnu++14";
				CLANG_CXX_LIBRARY = "libc++";
				CLANG_ENABLE_MODULES = YES;
				CLANG_ENABLE_OBJC_ARC = YES;
				CLANG_ENABLE_OBJC_WEAK = YES;
				CLANG_WARN_BLOCK_CAPTURE_AUTORELEASING = YES;
				CLANG_WARN_BOOL_CONVERSION = YES;
				CLANG_WARN_COMMA = YES;
				CLANG_WARN_CONSTANT_CONVERSION = YES;
				CLANG_WARN_DEPRECATED_OBJC_IMPLEMENTATIONS = YES;
				CLANG_WARN_DIRECT_OBJC_ISA_USAGE = YES_ERROR;
				CLANG_WARN_DOCUMENTATION_COMMENTS = YES;
				CLANG_WARN_EMPTY_BODY = YES;
				CLANG_WARN_ENUM_CONVERSION = YES;
				CLANG_WARN_INFINITE_RECURSION = YES;
				CLANG_WARN_INT_CONVERSION = YES;
				CLANG_WARN_NON_LITERAL_NULL_CONVERSION = YES;
				CLANG_WARN_OBJC_IMPLICIT_RETAIN_SELF = YES;
				CLANG_WARN_OBJC_LITERAL_CONVERSION = YES;
				CLANG_WARN_OBJC_ROOT_CLASS = YES_ERROR;
				CLANG_WARN_RANGE_LOOP_ANALYSIS = YES;
				CLANG_WARN_STRICT_PROTOTYPES = YES;
				CLANG_WARN_SUSPICIOUS_MOVE = YES;
				CLANG_WARN_UNGUARDED_AVAILABILITY = YES_AGGRESSIVE;
				CLANG_WARN_UNREACHABLE_CODE = YES;
				CLANG_WARN__DUPLICATE_METHOD_MATCH = YES;
				COPY_PHASE_STRIP = NO;
				DEBUG_INFORMATION_FORMAT = dwarf;
				ENABLE_STRICT_OBJC_MSGSEND = YES;
				ENABLE_TESTABILITY = YES;
				GCC_C_LANGUAGE_STANDARD = gnu11;
				GCC_DYNAMIC_NO_PIC = NO;
				GCC_NO_COMMON_BLOCKS = YES;
				GCC_OPTIMIZATION_LEVEL = 0;
				GCC_PREPROCESSOR_DEFINITIONS = (
					"DEBUG=1",
					"$(inherited)",
				);
				GCC_WARN_64_TO_32_BIT_CONVERSION = YES;
				GCC_WARN_ABOUT_RETURN_TYPE = YES_ERROR;
				GCC_WARN_UNDECLARED_SELECTOR = YES;
				GCC_WARN_UNINITIALIZED_AUTOS = YES_AGGRESSIVE;
				GCC_WARN_UNUSED_FUNCTION = YES;
				GCC_WARN_UNUSED_VARIABLE = YES;
				IPHONEOS_DEPLOYMENT_TARGET = 13.1;
				MTL_ENABLE_DEBUG_INFO = INCLUDE_SOURCE;
				MTL_FAST_MATH = YES;
				ONLY_ACTIVE_ARCH = YES;
				SDKROOT = iphoneos;
				SWIFT_ACTIVE_COMPILATION_CONDITIONS = DEBUG;
				SWIFT_OPTIMIZATION_LEVEL = "-Onone";
			};
			name = Debug;
		};
		29BC25DD233FE60A001A1D67 /* Release */ = {
			isa = XCBuildConfiguration;
			buildSettings = {
				ALWAYS_SEARCH_USER_PATHS = NO;
				CLANG_ANALYZER_NONNULL = YES;
				CLANG_ANALYZER_NUMBER_OBJECT_CONVERSION = YES_AGGRESSIVE;
				CLANG_CXX_LANGUAGE_STANDARD = "gnu++14";
				CLANG_CXX_LIBRARY = "libc++";
				CLANG_ENABLE_MODULES = YES;
				CLANG_ENABLE_OBJC_ARC = YES;
				CLANG_ENABLE_OBJC_WEAK = YES;
				CLANG_WARN_BLOCK_CAPTURE_AUTORELEASING = YES;
				CLANG_WARN_BOOL_CONVERSION = YES;
				CLANG_WARN_COMMA = YES;
				CLANG_WARN_CONSTANT_CONVERSION = YES;
				CLANG_WARN_DEPRECATED_OBJC_IMPLEMENTATIONS = YES;
				CLANG_WARN_DIRECT_OBJC_ISA_USAGE = YES_ERROR;
				CLANG_WARN_DOCUMENTATION_COMMENTS = YES;
				CLANG_WARN_EMPTY_BODY = YES;
				CLANG_WARN_ENUM_CONVERSION = YES;
				CLANG_WARN_INFINITE_RECURSION = YES;
				CLANG_WARN_INT_CONVERSION = YES;
				CLANG_WARN_NON_LITERAL_NULL_CONVERSION = YES;
				CLANG_WARN_OBJC_IMPLICIT_RETAIN_SELF = YES;
				CLANG_WARN_OBJC_LITERAL_CONVERSION = YES;
				CLANG_WARN_OBJC_ROOT_CLASS = YES_ERROR;
				CLANG_WARN_RANGE_LOOP_ANALYSIS = YES;
				CLANG_WARN_STRICT_PROTOTYPES = YES;
				CLANG_WARN_SUSPICIOUS_MOVE = YES;
				CLANG_WARN_UNGUARDED_AVAILABILITY = YES_AGGRESSIVE;
				CLANG_WARN_UNREACHABLE_CODE = YES;
				CLANG_WARN__DUPLICATE_METHOD_MATCH = YES;
				COPY_PHASE_STRIP = NO;
				DEBUG_INFORMATION_FORMAT = "dwarf-with-dsym";
				ENABLE_NS_ASSERTIONS = NO;
				ENABLE_STRICT_OBJC_MSGSEND = YES;
				GCC_C_LANGUAGE_STANDARD = gnu11;
				GCC_NO_COMMON_BLOCKS = YES;
				GCC_WARN_64_TO_32_BIT_CONVERSION = YES;
				GCC_WARN_ABOUT_RETURN_TYPE = YES_ERROR;
				GCC_WARN_UNDECLARED_SELECTOR = YES;
				GCC_WARN_UNINITIALIZED_AUTOS = YES_AGGRESSIVE;
				GCC_WARN_UNUSED_FUNCTION = YES;
				GCC_WARN_UNUSED_VARIABLE = YES;
				IPHONEOS_DEPLOYMENT_TARGET = 13.1;
				MTL_ENABLE_DEBUG_INFO = NO;
				MTL_FAST_MATH = YES;
				SDKROOT = iphoneos;
				SWIFT_COMPILATION_MODE = wholemodule;
				SWIFT_OPTIMIZATION_LEVEL = "-O";
				VALIDATE_PRODUCT = YES;
			};
			name = Release;
		};
		29BC25DF233FE60A001A1D67 /* Debug */ = {
			isa = XCBuildConfiguration;
			buildSettings = {
				ASSETCATALOG_COMPILER_APPICON_NAME = AppIcon;
				CODE_SIGN_STYLE = Automatic;
				DEVELOPMENT_ASSET_PATHS = "\"List/Preview Content\"";
				DEVELOPMENT_TEAM = 8M8SAX62V2;
				ENABLE_PREVIEWS = YES;
				INFOPLIST_FILE = List/Info.plist;
				LD_RUNPATH_SEARCH_PATHS = (
					"$(inherited)",
					"@executable_path/Frameworks",
				);
				PRODUCT_BUNDLE_IDENTIFIER = ol.List;
				PRODUCT_NAME = "$(TARGET_NAME)";
				SWIFT_VERSION = 5.0;
				TARGETED_DEVICE_FAMILY = "1,2";
			};
			name = Debug;
		};
		29BC25E0233FE60A001A1D67 /* Release */ = {
			isa = XCBuildConfiguration;
			buildSettings = {
				ASSETCATALOG_COMPILER_APPICON_NAME = AppIcon;
				CODE_SIGN_STYLE = Automatic;
				DEVELOPMENT_ASSET_PATHS = "\"List/Preview Content\"";
				DEVELOPMENT_TEAM = 8M8SAX62V2;
				ENABLE_PREVIEWS = YES;
				INFOPLIST_FILE = List/Info.plist;
				LD_RUNPATH_SEARCH_PATHS = (
					"$(inherited)",
					"@executable_path/Frameworks",
				);
				PRODUCT_BUNDLE_IDENTIFIER = ol.List;
				PRODUCT_NAME = "$(TARGET_NAME)";
				SWIFT_VERSION = 5.0;
				TARGETED_DEVICE_FAMILY = "1,2";
			};
			name = Release;
		};
/* End XCBuildConfiguration section */

/* Begin XCConfigurationList section */
		29BC25C5233FE609001A1D67 /* Build configuration list for PBXProject "List" */ = {
			isa = XCConfigurationList;
			buildConfigurations = (
				29BC25DC233FE60A001A1D67 /* Debug */,
				29BC25DD233FE60A001A1D67 /* Release */,
			);
			defaultConfigurationIsVisible = 0;
			defaultConfigurationName = Release;
		};
		29BC25DE233FE60A001A1D67 /* Build configuration list for PBXNativeTarget "List" */ = {
			isa = XCConfigurationList;
			buildConfigurations = (
				29BC25DF233FE60A001A1D67 /* Debug */,
				29BC25E0233FE60A001A1D67 /* Release */,
			);
			defaultConfigurationIsVisible = 0;
			defaultConfigurationName = Release;
		};
/* End XCConfigurationList section */
	};
	rootObject = 29BC25C2233FE609001A1D67 /* Project object */;
}
